
Microsoft Visual Studio Solution File, Format Version 12.00
# Visual Studio Version 16
VisualStudioVersion = 16.0.31205.134
MinimumVisualStudioVersion = 10.0.40219.1
Project("{9A19103F-16F7-4668-BE54-9A1E7A4F7556}") = "Presentation.Web", "src\Presentation.Web\Presentation.Web.csproj", "{AFB176C5-E503-451D-ACB8-41E5AD7E4B1C}"
EndProject
Project("{9A19103F-16F7-4668-BE54-9A1E7A4F7556}") = "Domain.Core", "src\Domain.Core\Domain.Core.csproj", "{D786FE75-CE29-4A2D-A8C0-5C6930A3C859}"
EndProject
Project("{9A19103F-16F7-4668-BE54-9A1E7A4F7556}") = "Domain.Entities", "src\Domain.Entities\Domain.Entities.csproj", "{BB5CF73F-9F4E-43C4-B399-C3A09817DBCC}"
EndProject
Project("{9A19103F-16F7-4668-BE54-9A1E7A4F7556}") = "Domain.Core.Tests", "tests\Domain.Core.Tests\Domain.Core.Tests.csproj", "{B8D96224-6943-4E88-9E11-552CB7FB344C}"
EndProject
Project("{2150E333-8FDC-42A3-9474-1A3956D46DE8}") = "Tests", "Tests", "{821450EA-B232-4CB2-9986-F2E1C502C574}"
EndProject
Project("{9A19103F-16F7-4668-BE54-9A1E7A4F7556}") = "Tests.Utils", "tests\Tests.Utils\Tests.Utils.csproj", "{B4146DCA-3D1E-4D29-9115-F300CEB9063F}"
EndProject
Project("{9A19103F-16F7-4668-BE54-9A1E7A4F7556}") = "Domain.Entities.Tests", "tests\Domain.Entities.Tests\Domain.Entities.Tests.csproj", "{35913CF8-4971-4969-A04D-ED80B5F6912C}"
EndProject
Project("{9A19103F-16F7-4668-BE54-9A1E7A4F7556}") = "Infrastructure.Data", "src\Infrastructure.Data\Infrastructure.Data.csproj", "{51FFCB29-DBAD-4BFE-9BB6-FDB69EA27926}"
EndProject
Project("{2150E333-8FDC-42A3-9474-1A3956D46DE8}") = "Solution Items", "Solution Items", "{875C57C9-6747-4DB4-92B4-E322A10DBB39}"
	ProjectSection(SolutionItems) = preProject
		README.md = README.md
	EndProjectSection
EndProject
Global
	GlobalSection(SolutionConfigurationPlatforms) = preSolution
		Debug|Any CPU = Debug|Any CPU
		Release|Any CPU = Release|Any CPU
	EndGlobalSection
	GlobalSection(ProjectConfigurationPlatforms) = postSolution
		{AFB176C5-E503-451D-ACB8-41E5AD7E4B1C}.Debug|Any CPU.ActiveCfg = Debug|Any CPU
		{AFB176C5-E503-451D-ACB8-41E5AD7E4B1C}.Debug|Any CPU.Build.0 = Debug|Any CPU
		{AFB176C5-E503-451D-ACB8-41E5AD7E4B1C}.Release|Any CPU.ActiveCfg = Release|Any CPU
		{AFB176C5-E503-451D-ACB8-41E5AD7E4B1C}.Release|Any CPU.Build.0 = Release|Any CPU
		{D786FE75-CE29-4A2D-A8C0-5C6930A3C859}.Debug|Any CPU.ActiveCfg = Debug|Any CPU
		{D786FE75-CE29-4A2D-A8C0-5C6930A3C859}.Debug|Any CPU.Build.0 = Debug|Any CPU
		{D786FE75-CE29-4A2D-A8C0-5C6930A3C859}.Release|Any CPU.ActiveCfg = Release|Any CPU
		{D786FE75-CE29-4A2D-A8C0-5C6930A3C859}.Release|Any CPU.Build.0 = Release|Any CPU
		{BB5CF73F-9F4E-43C4-B399-C3A09817DBCC}.Debug|Any CPU.ActiveCfg = Debug|Any CPU
		{BB5CF73F-9F4E-43C4-B399-C3A09817DBCC}.Debug|Any CPU.Build.0 = Debug|Any CPU
		{BB5CF73F-9F4E-43C4-B399-C3A09817DBCC}.Release|Any CPU.ActiveCfg = Release|Any CPU
		{BB5CF73F-9F4E-43C4-B399-C3A09817DBCC}.Release|Any CPU.Build.0 = Release|Any CPU
		{B8D96224-6943-4E88-9E11-552CB7FB344C}.Debug|Any CPU.ActiveCfg = Debug|Any CPU
		{B8D96224-6943-4E88-9E11-552CB7FB344C}.Debug|Any CPU.Build.0 = Debug|Any CPU
		{B8D96224-6943-4E88-9E11-552CB7FB344C}.Release|Any CPU.ActiveCfg = Release|Any CPU
		{B8D96224-6943-4E88-9E11-552CB7FB344C}.Release|Any CPU.Build.0 = Release|Any CPU
		{B4146DCA-3D1E-4D29-9115-F300CEB9063F}.Debug|Any CPU.ActiveCfg = Debug|Any CPU
		{B4146DCA-3D1E-4D29-9115-F300CEB9063F}.Debug|Any CPU.Build.0 = Debug|Any CPU
		{B4146DCA-3D1E-4D29-9115-F300CEB9063F}.Release|Any CPU.ActiveCfg = Release|Any CPU
		{B4146DCA-3D1E-4D29-9115-F300CEB9063F}.Release|Any CPU.Build.0 = Release|Any CPU
		{35913CF8-4971-4969-A04D-ED80B5F6912C}.Debug|Any CPU.ActiveCfg = Debug|Any CPU
		{35913CF8-4971-4969-A04D-ED80B5F6912C}.Debug|Any CPU.Build.0 = Debug|Any CPU
		{35913CF8-4971-4969-A04D-ED80B5F6912C}.Release|Any CPU.ActiveCfg = Release|Any CPU
		{35913CF8-4971-4969-A04D-ED80B5F6912C}.Release|Any CPU.Build.0 = Release|Any CPU
		{51FFCB29-DBAD-4BFE-9BB6-FDB69EA27926}.Debug|Any CPU.ActiveCfg = Debug|Any CPU
		{51FFCB29-DBAD-4BFE-9BB6-FDB69EA27926}.Debug|Any CPU.Build.0 = Debug|Any CPU
		{51FFCB29-DBAD-4BFE-9BB6-FDB69EA27926}.Release|Any CPU.ActiveCfg = Release|Any CPU
		{51FFCB29-DBAD-4BFE-9BB6-FDB69EA27926}.Release|Any CPU.Build.0 = Release|Any CPU
	EndGlobalSection
	GlobalSection(SolutionProperties) = preSolution
		HideSolutionNode = FALSE
	EndGlobalSection
	GlobalSection(NestedProjects) = preSolution
		{B8D96224-6943-4E88-9E11-552CB7FB344C} = {821450EA-B232-4CB2-9986-F2E1C502C574}
		{B4146DCA-3D1E-4D29-9115-F300CEB9063F} = {821450EA-B232-4CB2-9986-F2E1C502C574}
		{35913CF8-4971-4969-A04D-ED80B5F6912C} = {821450EA-B232-4CB2-9986-F2E1C502C574}
	EndGlobalSection
	GlobalSection(ExtensibilityGlobals) = postSolution
		SolutionGuid = {CA238546-3739-4412-8FEF-C07E86C13D3F}
	EndGlobalSection
EndGlobal
